PODS:
  - AVOSCloud (2.6.11.2)
  - AVOSCloudSNS (2.6.11.2):
    - AVOSCloud
  - FMDB (2.5):
    - FMDB/standard (= 2.5)
  - FMDB/common (2.5)
  - FMDB/standard (2.5):
    - FMDB/common
  - FMDBHelpers (0.0.7):
    - FMDB (~> 2.3)
  - JSQMessagesViewController (7.0.0):
    - JSQSystemSoundPlayer (~> 2.0.1)
  - JSQSystemSoundPlayer (2.0.1)
  - MJRefresh (1.4.0)
  - SDWebImage (3.7.2):
    - SDWebImage/Core (= 3.7.2)
  - SDWebImage/Core (3.7.2)
  - SSKeychain (1.2.2)
  - TMCache (1.2.3)

DEPENDENCIES:
  - AVOSCloud
  - AVOSCloudSNS
  - FMDB
  - FMDBHelpers
  - JSQMessagesViewController
  - MJRefresh
  - SDWebImage
  - SSKeychain
  - TMCache

SPEC CHECKSUMS:
  AVOSCloud: c4e261f5d68f42c6e4c4a64934490b2f38c9cff7
  AVOSCloudSNS: bbeb6d2e21cb7971850565e41e0b4c0f2a9ce7d5
  FMDB: 96e8f1bcc1329e269330f99770ad4285d9003e52
  FMDBHelpers: c6bd06c59049d51d9072180f253b6ee53f695bf3
  JSQMessagesViewController: 9fd7e9ac96e9fc91f2deca86928e2cc916aeebaa
  JSQSystemSoundPlayer: c5850e77a4363ffd374cd851154b9af93264ed8d
  MJRefresh: 85e093e1986091e4930c027b709cbd2b764e6866
  SDWebImage: 71b7cdc1d1721d6a82ed62889030225f2c249e29
  SSKeychain: 88767e903ee8d274ed380e364d96b7a101235286
  TMCache: 5f68bc38d741aa8df4c63131b847522783665d81

COCOAPODS: 0.36.0
