PODS:
  - AVOSCloud (3.1.0)
  - AVOSCloudSNS (3.1.0):
    - AVOSCloud
  - FMDB (2.5):
    - FMDB/standard (= 2.5)
  - FMDB/common (2.5)
  - FMDB/standard (2.5):
    - FMDB/common
  - FMDBHelpers (0.0.7):
    - FMDB (~> 2.3)
  - JSQMessagesViewController (7.0.1):
    - JSQSystemSoundPlayer (~> 2.0.1)
  - JSQSystemSoundPlayer (2.0.1)
  - MJRefresh (1.4.6)
  - SDWebImage (3.7.2):
    - SDWebImage/Core (= 3.7.2)
  - SDWebImage/Core (3.7.2)
  - SSKeychain (1.2.3)
  - TMCache (2.0.0)

DEPENDENCIES:
  - AVOSCloud
  - AVOSCloudSNS
  - FMDB
  - FMDBHelpers
  - JSQMessagesViewController
  - MJRefresh
  - SDWebImage
  - SSKeychain
  - TMCache

SPEC CHECKSUMS:
  AVOSCloud: fadaba350e8f28c371da50e056991ca774db8310
  AVOSCloudSNS: 0b3e7285227634f575b22f0c9c7bddb021ed1c84
  FMDB: 96e8f1bcc1329e269330f99770ad4285d9003e52
  FMDBHelpers: c6bd06c59049d51d9072180f253b6ee53f695bf3
  JSQMessagesViewController: 03fba8a3021a3ddc1c91847f180ffe549f2e8cf2
  JSQSystemSoundPlayer: c5850e77a4363ffd374cd851154b9af93264ed8d
  MJRefresh: 2eaa3fd8f67fbb86497840fb0167446f7eb61dc7
  SDWebImage: 71b7cdc1d1721d6a82ed62889030225f2c249e29
  SSKeychain: 3f42991739c6c60a9cf1bbd4dff6c0d3694bcf3d
  TMCache: 126b131e986f359be95c50d4816661b64f43f98c

COCOAPODS: 0.37.0
