PODS:
  - AVOSCloud (2.6.11.2)
  - AVOSCloudSNS (2.6.11.2):
    - AVOSCloud
  - FMDB (2.5):
    - FMDB/standard (= 2.5)
  - FMDB/common (2.5)
  - FMDB/standard (2.5):
    - FMDB/common
  - FMDBHelpers (0.0.7):
    - FMDB (~> 2.3)
  - JSQMessagesViewController (7.0.0):
    - JSQSystemSoundPlayer (~> 2.0.1)
  - JSQSystemSoundPlayer (2.0.1)
  - MJRefresh (1.4.0)
  - SDWebImage (3.7.2):
    - SDWebImage/Core (= 3.7.2)
  - SDWebImage/Core (3.7.2)
  - SSKeychain (1.2.2)
  - TMCache (1.2.3)

DEPENDENCIES:
  - AVOSCloud
  - AVOSCloudSNS
  - FMDB
  - FMDBHelpers
  - JSQMessagesViewController
  - MJRefresh
  - SDWebImage
  - SSKeychain
  - TMCache

SPEC CHECKSUMS:
  AVOSCloud: c4e261f5d68f42c6e4c4a64934490b2f38c9cff7
  AVOSCloudSNS: bbeb6d2e21cb7971850565e41e0b4c0f2a9ce7d5
  FMDB: 0efa188cf0dd1ce82c27a478cd5f5fa245308677
  FMDBHelpers: 418755fc89a6a6f43140c103fddc0e0f4658b707
  JSQMessagesViewController: 9fd7e9ac96e9fc91f2deca86928e2cc916aeebaa
  JSQSystemSoundPlayer: 55528c699a283aae2220d3ae7b8b527d2ecef4b4
  MJRefresh: 85e093e1986091e4930c027b709cbd2b764e6866
  SDWebImage: 71b7cdc1d1721d6a82ed62889030225f2c249e29
  SSKeychain: cc48bd3ad24fcd9125adb9e0d23dd50b8bbd08b9
  TMCache: 11589ef8c40909114a5e60132711c9a559e01d97

COCOAPODS: 0.36.4
